
Microsoft Visual Studio Solution File, Format Version 12.00
# Visual Studio Version 17
VisualStudioVersion = 17.2.32602.215
MinimumVisualStudioVersion = 10.0.40219.1
Project("{9A19103F-16F7-4668-BE54-9A1E7A4F7556}") = "TvMazeWorkerService", "TvMazeWorkerService\TvMazeWorkerService.csproj", "{79753FC7-BBC1-4A67-80CA-FA3390B6284C}"
EndProject
Project("{FAE04EC0-301F-11D3-BF4B-00C04F79EFBC}") = "TvMazeStorageService", "TvMazeStorageService\TvMazeStorageService.csproj", "{426434F2-2F41-43F7-8FA1-8213B878C162}"
EndProject
Project("{FAE04EC0-301F-11D3-BF4B-00C04F79EFBC}") = "TvMazeWebApi", "TvMazeWebApi\TvMazeWebApi.csproj", "{40D605A0-2740-4CB2-AB56-B13BA624E02D}"
EndProject
Global
	GlobalSection(SolutionConfigurationPlatforms) = preSolution
		Debug|Any CPU = Debug|Any CPU
		Release|Any CPU = Release|Any CPU
	EndGlobalSection
	GlobalSection(ProjectConfigurationPlatforms) = postSolution
		{79753FC7-BBC1-4A67-80CA-FA3390B6284C}.Debug|Any CPU.ActiveCfg = Debug|Any CPU
		{79753FC7-BBC1-4A67-80CA-FA3390B6284C}.Debug|Any CPU.Build.0 = Debug|Any CPU
		{79753FC7-BBC1-4A67-80CA-FA3390B6284C}.Release|Any CPU.ActiveCfg = Release|Any CPU
		{79753FC7-BBC1-4A67-80CA-FA3390B6284C}.Release|Any CPU.Build.0 = Release|Any CPU
		{426434F2-2F41-43F7-8FA1-8213B878C162}.Debug|Any CPU.ActiveCfg = Debug|Any CPU
		{426434F2-2F41-43F7-8FA1-8213B878C162}.Debug|Any CPU.Build.0 = Debug|Any CPU
		{426434F2-2F41-43F7-8FA1-8213B878C162}.Release|Any CPU.ActiveCfg = Release|Any CPU
		{426434F2-2F41-43F7-8FA1-8213B878C162}.Release|Any CPU.Build.0 = Release|Any CPU
		{40D605A0-2740-4CB2-AB56-B13BA624E02D}.Debug|Any CPU.ActiveCfg = Debug|Any CPU
		{40D605A0-2740-4CB2-AB56-B13BA624E02D}.Debug|Any CPU.Build.0 = Debug|Any CPU
		{40D605A0-2740-4CB2-AB56-B13BA624E02D}.Release|Any CPU.ActiveCfg = Release|Any CPU
		{40D605A0-2740-4CB2-AB56-B13BA624E02D}.Release|Any CPU.Build.0 = Release|Any CPU
	EndGlobalSection
	GlobalSection(SolutionProperties) = preSolution
		HideSolutionNode = FALSE
	EndGlobalSection
	GlobalSection(ExtensibilityGlobals) = postSolution
		SolutionGuid = {C45532AE-69D1-41CA-8050-66A60899B1D1}
	EndGlobalSection
EndGlobal
